# This file is autogenerated, do not edit; changes may be undone by the next 'dep ensure'.


[[projects]]
  name = "github.com/boltdb/bolt"
  packages = ["."]
  revision = "2f1ce7a837dcb8da3ec595b1dac9d0632f0f99e8"
  version = "v1.3.1"

[[projects]]
  name = "github.com/docker/libkv"
  packages = [
    ".",
    "store",
    "store/boltdb"
  ]
  revision = "aabc039ad04deb721e234f99cd1b4aa28ac71a40"
  version = "v0.2.1"

[[projects]]
  branch = "master"
  name = "github.com/gorillalabs/go-powershell"
  packages = [
    ".",
    "backend",
    "utils"
  ]
  revision = "8a975e1f46d292e02c8825f112090196bbc20ac1"

[[projects]]
  branch = "master"
  name = "github.com/juju/errors"
  packages = ["."]
  revision = "c7d06af17c68cd34c835053720b21f6549d9b0ee"

[[projects]]
  branch = "master"
  name = "github.com/martinlindhe/inputbox"
  packages = ["."]
  revision = "56d473fa6ae3579711ad19669e7853f3513506f3"

[[projects]]
  branch = "master"
  name = "golang.org/x/sys"
  packages = ["unix"]
  revision = "78d5f264b493f125018180c204871ecf58a2dce1"

[solve-meta]
  analyzer-name = "dep"
  analyzer-version = 1
  inputs-digest = "7cdc831344bc3e65a02040a32d541776a8e2d3660eb156945382a9221454e7e5"
  solver-name = "gps-cdcl"
  solver-version = 1
